
Microsoft Visual Studio Solution File, Format Version 12.00
# Visual Studio Version 16
VisualStudioVersion = 16.0.29519.87
MinimumVisualStudioVersion = 10.0.40219.1
Project("{FAE04EC0-301F-11D3-BF4B-00C04F79EFBC}") = "ComputerRemoteControl.Server", "ComputerRemoteControl.Server\ComputerRemoteControl.Server.csproj", "{834E76C8-5002-4BF6-A9A7-4B125BA5FEDF}"
EndProject
Project("{FAE04EC0-301F-11D3-BF4B-00C04F79EFBC}") = "ComputerRemoteControl.Shared", "ComputerRemoteControl.Shared\ComputerRemoteControl.Shared.csproj", "{34CED345-A0DD-4F17-9E0B-6E9F821190A4}"
EndProject
Project("{FAE04EC0-301F-11D3-BF4B-00C04F79EFBC}") = "ComputerRemoteControl.Client", "ComputerRemoteControl.Client\ComputerRemoteControl.Client.csproj", "{20E40352-1572-4213-8024-8634F662D71C}"
EndProject
Global
	GlobalSection(SolutionConfigurationPlatforms) = preSolution
		Debug|Any CPU = Debug|Any CPU
		Release|Any CPU = Release|Any CPU
	EndGlobalSection
	GlobalSection(ProjectConfigurationPlatforms) = postSolution
		{834E76C8-5002-4BF6-A9A7-4B125BA5FEDF}.Debug|Any CPU.ActiveCfg = Debug|Any CPU
		{834E76C8-5002-4BF6-A9A7-4B125BA5FEDF}.Debug|Any CPU.Build.0 = Debug|Any CPU
		{834E76C8-5002-4BF6-A9A7-4B125BA5FEDF}.Release|Any CPU.ActiveCfg = Release|Any CPU
		{834E76C8-5002-4BF6-A9A7-4B125BA5FEDF}.Release|Any CPU.Build.0 = Release|Any CPU
		{34CED345-A0DD-4F17-9E0B-6E9F821190A4}.Debug|Any CPU.ActiveCfg = Debug|Any CPU
		{34CED345-A0DD-4F17-9E0B-6E9F821190A4}.Debug|Any CPU.Build.0 = Debug|Any CPU
		{34CED345-A0DD-4F17-9E0B-6E9F821190A4}.Release|Any CPU.ActiveCfg = Release|Any CPU
		{34CED345-A0DD-4F17-9E0B-6E9F821190A4}.Release|Any CPU.Build.0 = Release|Any CPU
		{20E40352-1572-4213-8024-8634F662D71C}.Debug|Any CPU.ActiveCfg = Debug|Any CPU
		{20E40352-1572-4213-8024-8634F662D71C}.Debug|Any CPU.Build.0 = Debug|Any CPU
		{20E40352-1572-4213-8024-8634F662D71C}.Release|Any CPU.ActiveCfg = Release|Any CPU
		{20E40352-1572-4213-8024-8634F662D71C}.Release|Any CPU.Build.0 = Release|Any CPU
	EndGlobalSection
	GlobalSection(SolutionProperties) = preSolution
		HideSolutionNode = FALSE
	EndGlobalSection
	GlobalSection(ExtensibilityGlobals) = postSolution
		SolutionGuid = {72811206-C8BB-46D3-93CF-F323761887AF}
	EndGlobalSection
EndGlobal
